
Microsoft Visual Studio Solution File, Format Version 12.00
# Visual Studio 15
VisualStudioVersion = 15.0.27428.2005
MinimumVisualStudioVersion = 10.0.40219.1
Project("{9A19103F-16F7-4668-BE54-9A1E7A4F7556}") = "Microsoft.Bot.Builder.PersonalityChat.Sample.WeatherBot", "Microsoft.Bot.Builder.PersonalityChat.Sample.WeatherBot.csproj", "{4207A259-D7F9-49A5-B92A-11EFA3DB98E5}"
EndProject
Global
	GlobalSection(SolutionConfigurationPlatforms) = preSolution
		Debug|Any CPU = Debug|Any CPU
		Release|Any CPU = Release|Any CPU
	EndGlobalSection
	GlobalSection(ProjectConfigurationPlatforms) = postSolution
		{4207A259-D7F9-49A5-B92A-11EFA3DB98E5}.Debug|Any CPU.ActiveCfg = Debug|Any CPU
		{4207A259-D7F9-49A5-B92A-11EFA3DB98E5}.Debug|Any CPU.Build.0 = Debug|Any CPU
		{4207A259-D7F9-49A5-B92A-11EFA3DB98E5}.Release|Any CPU.ActiveCfg = Release|Any CPU
		{4207A259-D7F9-49A5-B92A-11EFA3DB98E5}.Release|Any CPU.Build.0 = Release|Any CPU
	EndGlobalSection
	GlobalSection(SolutionProperties) = preSolution
		HideSolutionNode = FALSE
	EndGlobalSection
	GlobalSection(ExtensibilityGlobals) = postSolution
		SolutionGuid = {A3887F13-F5AB-43C4-BA8A-7B44C958D003}
	EndGlobalSection
EndGlobal
