
Microsoft Visual Studio Solution File, Format Version 12.00
# Visual Studio 15
VisualStudioVersion = 15.0.26430.13
MinimumVisualStudioVersion = 10.0.40219.1
Project("{2150E333-8FDC-42A3-9474-1A3956D46DE8}") = "Samples", "Samples", "{356A4EE2-684F-461A-94E0-323782163FF8}"
EndProject
Project("{2150E333-8FDC-42A3-9474-1A3956D46DE8}") = "Library", "Library", "{F8F3BE81-DC5E-4F9A-ACAA-18C3BF1409BB}"
EndProject
Project("{2150E333-8FDC-42A3-9474-1A3956D46DE8}") = "Test", "Test", "{E7FCF87B-A34F-4738-B1D0-C34352388C0F}"
EndProject
Project("{FAE04EC0-301F-11D3-BF4B-00C04F79EFBC}") = "Microsoft.Bot.Builder.PersonalityChat.Core.Tests", "Test\Microsoft.Bot.Builder.PersonalityChat.Core.Tests.csproj", "{E7F17CF4-608C-4642-8C7A-00FC166E0760}"
EndProject
Project("{FAE04EC0-301F-11D3-BF4B-00C04F79EFBC}") = "Microsoft.Bot.Builder.PersonalityChat.Core", "Library\Microsoft.Bot.Builder.PersonalityChat.Core.csproj", "{CBFE0D35-D6C2-4B25-A498-CFC474A2C3A5}"
EndProject
Project("{FAE04EC0-301F-11D3-BF4B-00C04F79EFBC}") = "Microsoft.Bot.Builder.PersonalityChat.Core.Sample.Basic", "Samples\SimplePersonalityChatConsoleBot\Microsoft.Bot.Builder.PersonalityChat.Core.Sample.Basic.csproj", "{2BD4421C-5B43-4307-9C96-01EA89174B3F}"
EndProject
Global
	GlobalSection(SolutionConfigurationPlatforms) = preSolution
		Debug|Any CPU = Debug|Any CPU
		Release|Any CPU = Release|Any CPU
	EndGlobalSection
	GlobalSection(ProjectConfigurationPlatforms) = postSolution
		{E7F17CF4-608C-4642-8C7A-00FC166E0760}.Debug|Any CPU.ActiveCfg = Debug|Any CPU
		{E7F17CF4-608C-4642-8C7A-00FC166E0760}.Debug|Any CPU.Build.0 = Debug|Any CPU
		{E7F17CF4-608C-4642-8C7A-00FC166E0760}.Release|Any CPU.ActiveCfg = Release|Any CPU
		{E7F17CF4-608C-4642-8C7A-00FC166E0760}.Release|Any CPU.Build.0 = Release|Any CPU
		{CBFE0D35-D6C2-4B25-A498-CFC474A2C3A5}.Debug|Any CPU.ActiveCfg = Debug|Any CPU
		{CBFE0D35-D6C2-4B25-A498-CFC474A2C3A5}.Debug|Any CPU.Build.0 = Debug|Any CPU
		{CBFE0D35-D6C2-4B25-A498-CFC474A2C3A5}.Release|Any CPU.ActiveCfg = Release|Any CPU
		{CBFE0D35-D6C2-4B25-A498-CFC474A2C3A5}.Release|Any CPU.Build.0 = Release|Any CPU
		{2BD4421C-5B43-4307-9C96-01EA89174B3F}.Debug|Any CPU.ActiveCfg = Debug|Any CPU
		{2BD4421C-5B43-4307-9C96-01EA89174B3F}.Debug|Any CPU.Build.0 = Debug|Any CPU
		{2BD4421C-5B43-4307-9C96-01EA89174B3F}.Release|Any CPU.ActiveCfg = Release|Any CPU
		{2BD4421C-5B43-4307-9C96-01EA89174B3F}.Release|Any CPU.Build.0 = Release|Any CPU
	EndGlobalSection
	GlobalSection(SolutionProperties) = preSolution
		HideSolutionNode = FALSE
	EndGlobalSection
	GlobalSection(NestedProjects) = preSolution
		{E7F17CF4-608C-4642-8C7A-00FC166E0760} = {E7FCF87B-A34F-4738-B1D0-C34352388C0F}
		{CBFE0D35-D6C2-4B25-A498-CFC474A2C3A5} = {F8F3BE81-DC5E-4F9A-ACAA-18C3BF1409BB}
		{2BD4421C-5B43-4307-9C96-01EA89174B3F} = {356A4EE2-684F-461A-94E0-323782163FF8}
	EndGlobalSection
	GlobalSection(ExtensibilityGlobals) = postSolution
		SolutionGuid = {E5CD6B7B-3768-4747-97D4-1A7B8ADD86D0}
	EndGlobalSection
EndGlobal
